dependencies:
- name: postgres
  repository: file://../postgres
  version: 0.1.0
- name: redis
  repository: file://../redis
  version: 0.1.0
- name: kafka
  repository: file://../kafka
  version: 0.1.0
- name: control-plane
  repository: file://../control-plane
  version: 0.1.0
- name: agent-service
  repository: file://../agent-service
  version: 0.1.0
- name: target-app
  repository: file://../target-app
  version: 0.1.0
- name: k6-load
  repository: file://../k6-load
  version: 0.1.0
- name: llm-gateway
  repository: file://../llm-gateway
  version: 0.1.0
- name: auth-server
  repository: file://../auth-server
  version: 0.1.0
- name: kube-prometheus-stack
  repository: https://prometheus-community.github.io/helm-charts
  version: 88.2.0
- name: loki
  repository: https://grafana.github.io/helm-charts
  version: 7.2.0
- name: alloy
  repository: https://grafana.github.io/helm-charts
  version: 1.11.1
- name: opentelemetry-collector
  repository: https://open-telemetry.github.io/opentelemetry-helm-charts
  version: 0.172.0
- name: tempo
  repository: https://grafana.github.io/helm-charts
  version: 1.24.4
digest: sha256:66e64994c51c817ad392e75f24270154150a08d15c4eb8fc7a38991d91660372
generated: "2026-09-03T15:32:56.750795+09:00"
