dependencies:
- name: postgres
  repository: file://../postgres
  version: 0.1.0
- name: redis
  repository: file://../redis
  version: 0.1.0
- name: kafka
  repository: file://../kafka
  version: 0.1.0
- name: control-plane
  repository: file://../control-plane
  version: 0.1.0
- name: agent-service
  repository: file://../agent-service
  version: 0.1.0
- name: target-app
  repository: file://../target-app
  version: 0.1.0
- name: k6-load
  repository: file://../k6-load
  version: 0.1.0
- name: llm-gateway
  repository: file://../llm-gateway
  version: 0.1.0
- name: auth-server
  repository: file://../auth-server
  version: 0.1.0
- name: evaluation-service
  repository: file://../evaluation-service
  version: 0.1.0
- name: kube-prometheus-stack
  repository: https://prometheus-community.github.io/helm-charts
  version: 88.2.0
- name: loki
  repository: https://grafana.github.io/helm-charts
  version: 7.2.0
- name: alloy
  repository: https://grafana.github.io/helm-charts
  version: 1.11.1
- name: opentelemetry-collector
  repository: https://open-telemetry.github.io/opentelemetry-helm-charts
  version: 0.172.0
- name: tempo
  repository: https://grafana.github.io/helm-charts
  version: 1.24.4
digest: sha256:2f637d838d07004a0e6c3553be2d5aa5e8d70901526051c14bad843974856495
generated: "2026-09-13T20:01:28.510679+09:00"
