dependencies:
- name: postgres
  repository: file://../postgres
  version: 0.1.0
- name: kafka
  repository: file://../kafka
  version: 0.1.0
- name: control-plane
  repository: file://../control-plane
  version: 0.1.0
- name: agent-service
  repository: file://../agent-service
  version: 0.1.0
- name: target-app
  repository: file://../target-app
  version: 0.1.0
- name: k6-load
  repository: file://../k6-load
  version: 0.1.0
- name: llm-gateway
  repository: file://../llm-gateway
  version: 0.1.0
- name: kube-prometheus-stack
  repository: https://prometheus-community.github.io/helm-charts
  version: 88.2.0
- name: loki
  repository: https://grafana.github.io/helm-charts
  version: 7.2.0
- name: alloy
  repository: https://grafana.github.io/helm-charts
  version: 1.11.1
digest: sha256:f4fc67f9229b81e9ac4acb886c0eab9aa6190118c8e36d0c581356be57268e0f
generated: "2026-08-17T11:44:08.193079+09:00"
